// !$*UTF8*$!
{
	archiveVersion = 1;
	classes = {
	};
	objectVersion = 48;
	objects = {

/* Begin PBXBuildFile section */
		96CFD4F01FBB4E0D007DF03B /* AppDelegate.swift in Sources */ = {isa = PBXBuildFile; fileRef = 96CFD4EF1FBB4E0D007DF03B /* AppDelegate.swift */; };
		96CFD4F21FBB4E0D007DF03B /* ViewController.swift in Sources */ = {isa = PBXBuildFile; fileRef = 96CFD4F11FBB4E0D007DF03B /* ViewController.swift */; };
		96CFD4F51FBB4E0D007DF03B /* Main.storyboard in Resources */ = {isa = PBXBuildFile; fileRef = 96CFD4F31FBB4E0D007DF03B /* Main.storyboard */; };
		96CFD4F71FBB4E0D007DF03B /* Assets.xcassets in Resources */ = {isa = PBXBuildFile; fileRef = 96CFD4F61FBB4E0D007DF03B /* Assets.xcassets */; };
		96CFD4FA1FBB4E0D007DF03B /* LaunchScreen.storyboard in Resources */ = {isa = PBXBuildFile; fileRef = 96CFD4F81FBB4E0D007DF03B /* LaunchScreen.storyboard */; };
		96CFD5031FBB57ED007DF03B /* Auth0.framework in Frameworks */ = {isa = PBXBuildFile; fileRef = 96CFD5021FBB57ED007DF03B /* Auth0.framework */; };
		96CFD5081FBB632F007DF03B /* SimpleKeychain.framework in Frameworks */ = {isa = PBXBuildFile; fileRef = 96CFD5071FBB632E007DF03B /* SimpleKeychain.framework */; };
/* End PBXBuildFile section */

/* Begin PBXFileReference section */
		96CFD4EC1FBB4E0D007DF03B /* Centralized Login Test 2.app */ = {isa = PBXFileReference; explicitFileType = wrapper.application; includeInIndex = 0; path = "Centralized Login Test 2.app"; sourceTree = BUILT_PRODUCTS_DIR; };
		96CFD4EF1FBB4E0D007DF03B /* AppDelegate.swift */ = {isa = PBXFileReference; lastKnownFileType = sourcecode.swift; path = AppDelegate.swift; sourceTree = "<group>"; };
		96CFD4F11FBB4E0D007DF03B /* ViewController.swift */ = {isa = PBXFileReference; lastKnownFileType = sourcecode.swift; path = ViewController.swift; sourceTree = "<group>"; };
		96CFD4F41FBB4E0D007DF03B /* Base */ = {isa = PBXFileReference; lastKnownFileType = file.storyboard; name = Base; path = Base.lproj/Main.storyboard; sourceTree = "<group>"; };
		96CFD4F61FBB4E0D007DF03B /* Assets.xcassets */ = {isa = PBXFileReference; lastKnownFileType = folder.assetcatalog; path = Assets.xcassets; sourceTree = "<group>"; };
		96CFD4F91FBB4E0D007DF03B /* Base */ = {isa = PBXFileReference; lastKnownFileType = file.storyboard; name = Base; path = Base.lproj/LaunchScreen.storyboard; sourceTree = "<group>"; };
		96CFD4FB1FBB4E0D007DF03B /* Info.plist */ = {isa = PBXFileReference; lastKnownFileType = text.plist.xml; path = Info.plist; sourceTree = "<group>"; };
		96CFD5021FBB57ED007DF03B /* Auth0.framework */ = {isa = PBXFileReference; lastKnownFileType = wrapper.framework; name = Auth0.framework; path = Carthage/Build/iOS/Auth0.framework; sourceTree = "<group>"; };
		96CFD5071FBB632E007DF03B /* SimpleKeychain.framework */ = {isa = PBXFileReference; lastKnownFileType = wrapper.framework; name = SimpleKeychain.framework; path = Carthage/Build/iOS/SimpleKeychain.framework; sourceTree = "<group>"; };
/* End PBXFileReference section */

/* Begin PBXFrameworksBuildPhase section */
		96CFD4E91FBB4E0D007DF03B /* Frameworks */ = {
			isa = PBXFrameworksBuildPhase;
			buildActionMask = 2147483647;
			files = (
				96CFD5081FBB632F007DF03B /* SimpleKeychain.framework in Frameworks */,
				96CFD5031FBB57ED007DF03B /* Auth0.framework in Frameworks */,
			);
			runOnlyForDeploymentPostprocessing = 0;
		};
/* End PBXFrameworksBuildPhase section */

/* Begin PBXGroup section */
		96CFD4E31FBB4E0D007DF03B = {
			isa = PBXGroup;
			children = (
				96CFD4EE1FBB4E0D007DF03B /* Centralized Login Test 2 */,
				96CFD4ED1FBB4E0D007DF03B /* Products */,
				96CFD5011FBB57ED007DF03B /* Frameworks */,
			);
			sourceTree = "<group>";
		};
		96CFD4ED1FBB4E0D007DF03B /* Products */ = {
			isa = PBXGroup;
			children = (
				96CFD4EC1FBB4E0D007DF03B /* Centralized Login Test 2.app */,
			);
			name = Products;
			sourceTree = "<group>";
		};
		96CFD4EE1FBB4E0D007DF03B /* Centralized Login Test 2 */ = {
			isa = PBXGroup;
			children = (
				96CFD4EF1FBB4E0D007DF03B /* AppDelegate.swift */,
				96CFD4F11FBB4E0D007DF03B /* ViewController.swift */,
				96CFD4F31FBB4E0D007DF03B /* Main.storyboard */,
				96CFD4F61FBB4E0D007DF03B /* Assets.xcassets */,
				96CFD4F81FBB4E0D007DF03B /* LaunchScreen.storyboard */,
				96CFD4FB1FBB4E0D007DF03B /* Info.plist */,
			);
			path = "Centralized Login Test 2";
			sourceTree = "<group>";
		};
		96CFD5011FBB57ED007DF03B /* Frameworks */ = {
			isa = PBXGroup;
			children = (
				96CFD5071FBB632E007DF03B /* SimpleKeychain.framework */,
				96CFD5021FBB57ED007DF03B /* Auth0.framework */,
			);
			name = Frameworks;
			sourceTree = "<group>";
		};
/* End PBXGroup section */

/* Begin PBXNativeTarget section */
		96CFD4EB1FBB4E0D007DF03B /* Centralized Login Test 2 */ = {
			isa = PBXNativeTarget;
			buildConfigurationList = 96CFD4FE1FBB4E0D007DF03B /* Build configuration list for PBXNativeTarget "Centralized Login Test 2" */;
			buildPhases = (
				96CFD4E81FBB4E0D007DF03B /* Sources */,
				96CFD4E91FBB4E0D007DF03B /* Frameworks */,
				96CFD4EA1FBB4E0D007DF03B /* Resources */,
				96CFD5041FBB583E007DF03B /* ShellScript */,
			);
			buildRules = (
			);
			dependencies = (
			);
			name = "Centralized Login Test 2";
			productName = "Centralized Login Test 2";
			productReference = 96CFD4EC1FBB4E0D007DF03B /* Centralized Login Test 2.app */;
			productType = "com.apple.product-type.application";
		};
/* End PBXNativeTarget section */

/* Begin PBXProject section */
		96CFD4E41FBB4E0D007DF03B /* Project object */ = {
			isa = PBXProject;
			attributes = {
				LastSwiftUpdateCheck = 0910;
				LastUpgradeCheck = 0910;
				ORGANIZATIONNAME = "Sebastián Peyrott";
				TargetAttributes = {
					96CFD4EB1FBB4E0D007DF03B = {
						CreatedOnToolsVersion = 9.1;
						ProvisioningStyle = Automatic;
					};
				};
			};
			buildConfigurationList = 96CFD4E71FBB4E0D007DF03B /* Build configuration list for PBXProject "Centralized Login Test 2" */;
			compatibilityVersion = "Xcode 8.0";
			developmentRegion = en;
			hasScannedForEncodings = 0;
			knownRegions = (
				en,
				Base,
			);
			mainGroup = 96CFD4E31FBB4E0D007DF03B;
			productRefGroup = 96CFD4ED1FBB4E0D007DF03B /* Products */;
			projectDirPath = "";
			projectRoot = "";
			targets = (
				96CFD4EB1FBB4E0D007DF03B /* Centralized Login Test 2 */,
			);
		};
/* End PBXProject section */

/* Begin PBXResourcesBuildPhase section */
		96CFD4EA1FBB4E0D007DF03B /* Resources */ = {
			isa = PBXResourcesBuildPhase;
			buildActionMask = 2147483647;
			files = (
				96CFD4FA1FBB4E0D007DF03B /* LaunchScreen.storyboard in Resources */,
				96CFD4F71FBB4E0D007DF03B /* Assets.xcassets in Resources */,
				96CFD4F51FBB4E0D007DF03B /* Main.storyboard in Resources */,
			);
			runOnlyForDeploymentPostprocessing = 0;
		};
/* End PBXResourcesBuildPhase section */

/* Begin PBXShellScriptBuildPhase section */
		96CFD5041FBB583E007DF03B /* ShellScript */ = {
			isa = PBXShellScriptBuildPhase;
			buildActionMask = 2147483647;
			files = (
			);
			inputPaths = (
				"$(SRCROOT)/Carthage/Build/iOS/Auth0.framework",
				"$(SRCROOT)/Carthage/Build/iOS/SimpleKeychain.framework",
			);
			outputPaths = (
				"$(BUILT_PRODUCTS_DIR)/$(FRAMEWORKS_FOLDER_PATH)/Auth0.framework",
				"$(BUILT_PRODUCTS_DIR)/$(FRAMEWORKS_FOLDER_PATH)/SimpleKeychain.framework",
			);
			runOnlyForDeploymentPostprocessing = 0;
			shellPath = /bin/sh;
			shellScript = "/Users/seba/.homebrew/bin/carthage copy-frameworks\n";
		};
/* End PBXShellScriptBuildPhase section */

/* Begin PBXSourcesBuildPhase section */
		96CFD4E81FBB4E0D007DF03B /* Sources */ = {
			isa = PBXSourcesBuildPhase;
			buildActionMask = 2147483647;
			files = (
				96CFD4F21FBB4E0D007DF03B /* ViewController.swift in Sources */,
				96CFD4F01FBB4E0D007DF03B /* AppDelegate.swift in Sources */,
			);
			runOnlyForDeploymentPostprocessing = 0;
		};
/* End PBXSourcesBuildPhase section */

/* Begin PBXVariantGroup section */
		96CFD4F31FBB4E0D007DF03B /* Main.storyboard */ = {
			isa = PBXVariantGroup;
			children = (
				96CFD4F41FBB4E0D007DF03B /* Base */,
			);
			name = Main.storyboard;
			sourceTree = "<group>";
		};
		96CFD4F81FBB4E0D007DF03B /* LaunchScreen.storyboard */ = {
			isa = PBXVariantGroup;
			children = (
				96CFD4F91FBB4E0D007DF03B /* Base */,
			);
			name = LaunchScreen.storyboard;
			sourceTree = "<group>";
		};
/* End PBXVariantGroup section */

/* Begin XCBuildConfiguration section */
		96CFD4FC1FBB4E0D007DF03B /* Debug */ = {
			isa = XCBuildConfiguration;
			buildSettings = {
				ALWAYS_SEARCH_USER_PATHS = NO;
				CLANG_ANALYZER_NONNULL = YES;
				CLANG_ANALYZER_NUMBER_OBJECT_CONVERSION = YES_AGGRESSIVE;
				CLANG_CXX_LANGUAGE_STANDARD = "gnu++14";
				CLANG_CXX_LIBRARY = "libc++";
				CLANG_ENABLE_MODULES = YES;
				CLANG_ENABLE_OBJC_ARC = YES;
				CLANG_WARN_BLOCK_CAPTURE_AUTORELEASING = YES;
				CLANG_WARN_BOOL_CONVERSION = YES;
				CLANG_WARN_COMMA = YES;
				CLANG_WARN_CONSTANT_CONVERSION = YES;
				CLANG_WARN_DIRECT_OBJC_ISA_USAGE = YES_ERROR;
				CLANG_WARN_DOCUMENTATION_COMMENTS = YES;
				CLANG_WARN_EMPTY_BODY = YES;
				CLANG_WARN_ENUM_CONVERSION = YES;
				CLANG_WARN_INFINITE_RECURSION = YES;
				CLANG_WARN_INT_CONVERSION = YES;
				CLANG_WARN_NON_LITERAL_NULL_CONVERSION = YES;
				CLANG_WARN_OBJC_LITERAL_CONVERSION = YES;
				CLANG_WARN_OBJC_ROOT_CLASS = YES_ERROR;
				CLANG_WARN_RANGE_LOOP_ANALYSIS = YES;
				CLANG_WARN_STRICT_PROTOTYPES = YES;
				CLANG_WARN_SUSPICIOUS_MOVE = YES;
				CLANG_WARN_UNGUARDED_AVAILABILITY = YES_AGGRESSIVE;
				CLANG_WARN_UNREACHABLE_CODE = YES;
				CLANG_WARN__DUPLICATE_METHOD_MATCH = YES;
				CODE_SIGN_IDENTITY = "iPhone Developer";
				COPY_PHASE_STRIP = NO;
				DEBUG_INFORMATION_FORMAT = dwarf;
				ENABLE_STRICT_OBJC_MSGSEND = YES;
				ENABLE_TESTABILITY = YES;
				GCC_C_LANGUAGE_STANDARD = gnu11;
				GCC_DYNAMIC_NO_PIC = NO;
				GCC_NO_COMMON_BLOCKS = YES;
				GCC_OPTIMIZATION_LEVEL = 0;
				GCC_PREPROCESSOR_DEFINITIONS = (
					"DEBUG=1",
					"$(inherited)",
				);
				GCC_WARN_64_TO_32_BIT_CONVERSION = YES;
				GCC_WARN_ABOUT_RETURN_TYPE = YES_ERROR;
				GCC_WARN_UNDECLARED_SELECTOR = YES;
				GCC_WARN_UNINITIALIZED_AUTOS = YES_AGGRESSIVE;
				GCC_WARN_UNUSED_FUNCTION = YES;
				GCC_WARN_UNUSED_VARIABLE = YES;
				IPHONEOS_DEPLOYMENT_TARGET = 11.1;
				MTL_ENABLE_DEBUG_INFO = YES;
				ONLY_ACTIVE_ARCH = YES;
				SDKROOT = iphoneos;
				SWIFT_ACTIVE_COMPILATION_CONDITIONS = DEBUG;
				SWIFT_OPTIMIZATION_LEVEL = "-Onone";
			};
			name = Debug;
		};
		96CFD4FD1FBB4E0D007DF03B /* Release */ = {
			isa = XCBuildConfiguration;
			buildSettings = {
				ALWAYS_SEARCH_USER_PATHS = NO;
				CLANG_ANALYZER_NONNULL = YES;
				CLANG_ANALYZER_NUMBER_OBJECT_CONVERSION = YES_AGGRESSIVE;
				CLANG_CXX_LANGUAGE_STANDARD = "gnu++14";
				CLANG_CXX_LIBRARY = "libc++";
				CLANG_ENABLE_MODULES = YES;
				CLANG_ENABLE_OBJC_ARC = YES;
				CLANG_WARN_BLOCK_CAPTURE_AUTORELEASING = YES;
				CLANG_WARN_BOOL_CONVERSION = YES;
				CLANG_WARN_COMMA = YES;
				CLANG_WARN_CONSTANT_CONVERSION = YES;
				CLANG_WARN_DIRECT_OBJC_ISA_USAGE = YES_ERROR;
				CLANG_WARN_DOCUMENTATION_COMMENTS = YES;
				CLANG_WARN_EMPTY_BODY = YES;
				CLANG_WARN_ENUM_CONVERSION = YES;
				CLANG_WARN_INFINITE_RECURSION = YES;
				CLANG_WARN_INT_CONVERSION = YES;
				CLANG_WARN_NON_LITERAL_NULL_CONVERSION = YES;
				CLANG_WARN_OBJC_LITERAL_CONVERSION = YES;
				CLANG_WARN_OBJC_ROOT_CLASS = YES_ERROR;
				CLANG_WARN_RANGE_LOOP_ANALYSIS = YES;
				CLANG_WARN_STRICT_PROTOTYPES = YES;
				CLANG_WARN_SUSPICIOUS_MOVE = YES;
				CLANG_WARN_UNGUARDED_AVAILABILITY = YES_AGGRESSIVE;
				CLANG_WARN_UNREACHABLE_CODE = YES;
				CLANG_WARN__DUPLICATE_METHOD_MATCH = YES;
				CODE_SIGN_IDENTITY = "iPhone Developer";
				COPY_PHASE_STRIP = NO;
				DEBUG_INFORMATION_FORMAT = "dwarf-with-dsym";
				ENABLE_NS_ASSERTIONS = NO;
				ENABLE_STRICT_OBJC_MSGSEND = YES;
				GCC_C_LANGUAGE_STANDARD = gnu11;
				GCC_NO_COMMON_BLOCKS = YES;
				GCC_WARN_64_TO_32_BIT_CONVERSION = YES;
				GCC_WARN_ABOUT_RETURN_TYPE = YES_ERROR;
				GCC_WARN_UNDECLARED_SELECTOR = YES;
				GCC_WARN_UNINITIALIZED_AUTOS = YES_AGGRESSIVE;
				GCC_WARN_UNUSED_FUNCTION = YES;
				GCC_WARN_UNUSED_VARIABLE = YES;
				IPHONEOS_DEPLOYMENT_TARGET = 11.1;
				MTL_ENABLE_DEBUG_INFO = NO;
				SDKROOT = iphoneos;
				SWIFT_OPTIMIZATION_LEVEL = "-Owholemodule";
				VALIDATE_PRODUCT = YES;
			};
			name = Release;
		};
		96CFD4FF1FBB4E0D007DF03B /* Debug */ = {
			isa = XCBuildConfiguration;
			buildSettings = {
				ASSETCATALOG_COMPILER_APPICON_NAME = AppIcon;
				CODE_SIGN_STYLE = Automatic;
				DEVELOPMENT_TEAM = 6S8H9SKDMM;
				FRAMEWORK_SEARCH_PATHS = (
					"$(inherited)",
					"$(PROJECT_DIR)/Carthage/Build/iOS",
				);
				INFOPLIST_FILE = "Centralized Login Test 2/Info.plist";
				LD_RUNPATH_SEARCH_PATHS = "$(inherited) @executable_path/Frameworks";
				PRODUCT_BUNDLE_IDENTIFIER = "Auth0.Centralized-Login-Test-2";
				PRODUCT_NAME = "$(TARGET_NAME)";
				SWIFT_VERSION = 4.0;
				TARGETED_DEVICE_FAMILY = "1,2";
			};
			name = Debug;
		};
		96CFD5001FBB4E0D007DF03B /* Release */ = {
			isa = XCBuildConfiguration;
			buildSettings = {
				ASSETCATALOG_COMPILER_APPICON_NAME = AppIcon;
				CODE_SIGN_STYLE = Automatic;
				DEVELOPMENT_TEAM = 6S8H9SKDMM;
				FRAMEWORK_SEARCH_PATHS = (
					"$(inherited)",
					"$(PROJECT_DIR)/Carthage/Build/iOS",
				);
				INFOPLIST_FILE = "Centralized Login Test 2/Info.plist";
				LD_RUNPATH_SEARCH_PATHS = "$(inherited) @executable_path/Frameworks";
				PRODUCT_BUNDLE_IDENTIFIER = "Auth0.Centralized-Login-Test-2";
				PRODUCT_NAME = "$(TARGET_NAME)";
				SWIFT_VERSION = 4.0;
				TARGETED_DEVICE_FAMILY = "1,2";
			};
			name = Release;
		};
/* End XCBuildConfiguration section */

/* Begin XCConfigurationList section */
		96CFD4E71FBB4E0D007DF03B /* Build configuration list for PBXProject "Centralized Login Test 2" */ = {
			isa = XCConfigurationList;
			buildConfigurations = (
				96CFD4FC1FBB4E0D007DF03B /* Debug */,
				96CFD4FD1FBB4E0D007DF03B /* Release */,
			);
			defaultConfigurationIsVisible = 0;
			defaultConfigurationName = Release;
		};
		96CFD4FE1FBB4E0D007DF03B /* Build configuration list for PBXNativeTarget "Centralized Login Test 2" */ = {
			isa = XCConfigurationList;
			buildConfigurations = (
				96CFD4FF1FBB4E0D007DF03B /* Debug */,
				96CFD5001FBB4E0D007DF03B /* Release */,
			);
			defaultConfigurationIsVisible = 0;
			defaultConfigurationName = Release;
		};
/* End XCConfigurationList section */
	};
	rootObject = 96CFD4E41FBB4E0D007DF03B /* Project object */;
}
